// !$*UTF8*$!
{
	archiveVersion = 1;
	classes = {
	};
	objectVersion = 46;
	objects = {

/* Begin PBXBuildFile section */
		69015E191F69FE0100D2EFF2 /* ResponseEditorViewController.swift in Sources */ = {isa = PBXBuildFile; fileRef = 69015E171F69FE0100D2EFF2 /* ResponseEditorViewController.swift */; };
		69015E1A1F69FE0100D2EFF2 /* ResponseEditorViewController.xib in Resources */ = {isa = PBXBuildFile; fileRef = 69015E181F69FE0100D2EFF2 /* ResponseEditorViewController.xib */; };
		690DA55F1F621EEC000DD28F /* ServiceCaller.swift in Sources */ = {isa = PBXBuildFile; fileRef = 690DA55E1F621EEC000DD28F /* ServiceCaller.swift */; };
		690DA5611F622067000DD28F /* App.swift in Sources */ = {isa = PBXBuildFile; fileRef = 690DA5601F622067000DD28F /* App.swift */; };
		690DA5631F622142000DD28F /* ReviewsViewController.swift in Sources */ = {isa = PBXBuildFile; fileRef = 690DA5621F622142000DD28F /* ReviewsViewController.swift */; };
		690DA5651F622177000DD28F /* Review.swift in Sources */ = {isa = PBXBuildFile; fileRef = 690DA5641F622177000DD28F /* Review.swift */; };
		6918E3841F6321F800709F2F /* AppsListTableViewCell.swift in Sources */ = {isa = PBXBuildFile; fileRef = 6918E3831F6321F800709F2F /* AppsListTableViewCell.swift */; };
		693F5FA71F61F23F00FD8859 /* AppDelegate.swift in Sources */ = {isa = PBXBuildFile; fileRef = 693F5FA61F61F23F00FD8859 /* AppDelegate.swift */; };
		693F5FA91F61F23F00FD8859 /* ViewController.swift in Sources */ = {isa = PBXBuildFile; fileRef = 693F5FA81F61F23F00FD8859 /* ViewController.swift */; };
		693F5FAC1F61F23F00FD8859 /* Main.storyboard in Resources */ = {isa = PBXBuildFile; fileRef = 693F5FAA1F61F23F00FD8859 /* Main.storyboard */; };
		693F5FAE1F61F23F00FD8859 /* Assets.xcassets in Resources */ = {isa = PBXBuildFile; fileRef = 693F5FAD1F61F23F00FD8859 /* Assets.xcassets */; };
		693F5FB11F61F23F00FD8859 /* LaunchScreen.storyboard in Resources */ = {isa = PBXBuildFile; fileRef = 693F5FAF1F61F23F00FD8859 /* LaunchScreen.storyboard */; };
		694282931F6464690053BBF3 /* Account.swift in Sources */ = {isa = PBXBuildFile; fileRef = 694282921F6464690053BBF3 /* Account.swift */; };
		694282951F64747F0053BBF3 /* AccountManger.swift in Sources */ = {isa = PBXBuildFile; fileRef = 694282941F64747F0053BBF3 /* AccountManger.swift */; };
		694C9D871F7A118000736F5A /* Tester.swift in Sources */ = {isa = PBXBuildFile; fileRef = 694C9D861F7A118000736F5A /* Tester.swift */; };
		69591E111F7A0DE4003D7E27 /* TestersViewController.swift in Sources */ = {isa = PBXBuildFile; fileRef = 69591E101F7A0DE4003D7E27 /* TestersViewController.swift */; };
		696235D81F6F7AB600176A60 /* ReviewFilterViewController.swift in Sources */ = {isa = PBXBuildFile; fileRef = 696235D61F6F7AB600176A60 /* ReviewFilterViewController.swift */; };
		696235D91F6F7AB600176A60 /* ReviewFilterViewController.xib in Resources */ = {isa = PBXBuildFile; fileRef = 696235D71F6F7AB600176A60 /* ReviewFilterViewController.xib */; };
		6967954A1F7AA02F00955A3E /* AppDetailViewController.swift in Sources */ = {isa = PBXBuildFile; fileRef = 696795481F7AA02F00955A3E /* AppDetailViewController.swift */; };
		6967954B1F7AA02F00955A3E /* AppDetailViewController.xib in Resources */ = {isa = PBXBuildFile; fileRef = 696795491F7AA02F00955A3E /* AppDetailViewController.xib */; };
		69A6276C1F633EFB00415AC8 /* DeveloperResponse.swift in Sources */ = {isa = PBXBuildFile; fileRef = 69A6276B1F633EFB00415AC8 /* DeveloperResponse.swift */; };
		69A6276F1F6343D600415AC8 /* LoginViewController.swift in Sources */ = {isa = PBXBuildFile; fileRef = 69A6276D1F6343D600415AC8 /* LoginViewController.swift */; };
		69A627701F6343D600415AC8 /* LoginViewController.xib in Resources */ = {isa = PBXBuildFile; fileRef = 69A6276E1F6343D600415AC8 /* LoginViewController.xib */; };
		69BBC5A01FF58EBF00A41450 /* SettingsViewController.swift in Sources */ = {isa = PBXBuildFile; fileRef = 69BBC59F1FF58EBF00A41450 /* SettingsViewController.swift */; };
		69BCAD2D1F63289A00C65305 /* ReviewsListTableViewCell.swift in Sources */ = {isa = PBXBuildFile; fileRef = 69BCAD2C1F63289A00C65305 /* ReviewsListTableViewCell.swift */; };
		69C845A91F6393E100C65AB2 /* AccountsViewController.swift in Sources */ = {isa = PBXBuildFile; fileRef = 69C845A71F6393E100C65AB2 /* AccountsViewController.swift */; };
		69C845AA1F6393E100C65AB2 /* AccountsViewController.xib in Resources */ = {isa = PBXBuildFile; fileRef = 69C845A81F6393E100C65AB2 /* AccountsViewController.xib */; };
		69E3EAAA1F6F867800788918 /* ReviewFilter.swift in Sources */ = {isa = PBXBuildFile; fileRef = 69E3EAA91F6F867800788918 /* ReviewFilter.swift */; };
		8DCB75247AD737334707187A /* Pods_ReviewMonitor.framework in Frameworks */ = {isa = PBXBuildFile; fileRef = E8E287C5517B3179FAD951AD /* Pods_ReviewMonitor.framework */; };
		C97D38D11FF902F600EBFA35 /* AuthCell.xib in Resources */ = {isa = PBXBuildFile; fileRef = C97D38D01FF902F600EBFA35 /* AuthCell.xib */; };
/* End PBXBuildFile section */

/* Begin PBXFileReference section */
		69015E171F69FE0100D2EFF2 /* ResponseEditorViewController.swift */ = {isa = PBXFileReference; fileEncoding = 4; lastKnownFileType = sourcecode.swift; path = ResponseEditorViewController.swift; sourceTree = "<group>"; };
		69015E181F69FE0100D2EFF2 /* ResponseEditorViewController.xib */ = {isa = PBXFileReference; fileEncoding = 4; lastKnownFileType = file.xib; path = ResponseEditorViewController.xib; sourceTree = "<group>"; };
		690DA55E1F621EEC000DD28F /* ServiceCaller.swift */ = {isa = PBXFileReference; lastKnownFileType = sourcecode.swift; path = ServiceCaller.swift; sourceTree = "<group>"; };
		690DA5601F622067000DD28F /* App.swift */ = {isa = PBXFileReference; lastKnownFileType = sourcecode.swift; path = App.swift; sourceTree = "<group>"; };
		690DA5621F622142000DD28F /* ReviewsViewController.swift */ = {isa = PBXFileReference; lastKnownFileType = sourcecode.swift; path = ReviewsViewController.swift; sourceTree = "<group>"; };
		690DA5641F622177000DD28F /* Review.swift */ = {isa = PBXFileReference; lastKnownFileType = sourcecode.swift; path = Review.swift; sourceTree = "<group>"; };
		6918E3831F6321F800709F2F /* AppsListTableViewCell.swift */ = {isa = PBXFileReference; lastKnownFileType = sourcecode.swift; path = AppsListTableViewCell.swift; sourceTree = "<group>"; };
		693F5FA31F61F23F00FD8859 /* ReviewMonitor.app */ = {isa = PBXFileReference; explicitFileType = wrapper.application; includeInIndex = 0; path = ReviewMonitor.app; sourceTree = BUILT_PRODUCTS_DIR; };
		693F5FA61F61F23F00FD8859 /* AppDelegate.swift */ = {isa = PBXFileReference; lastKnownFileType = sourcecode.swift; path = AppDelegate.swift; sourceTree = "<group>"; };
		693F5FA81F61F23F00FD8859 /* ViewController.swift */ = {isa = PBXFileReference; lastKnownFileType = sourcecode.swift; path = ViewController.swift; sourceTree = "<group>"; };
		693F5FAB1F61F23F00FD8859 /* Base */ = {isa = PBXFileReference; lastKnownFileType = file.storyboard; name = Base; path = Base.lproj/Main.storyboard; sourceTree = "<group>"; };
		693F5FAD1F61F23F00FD8859 /* Assets.xcassets */ = {isa = PBXFileReference; lastKnownFileType = folder.assetcatalog; path = Assets.xcassets; sourceTree = "<group>"; };
		693F5FB01F61F23F00FD8859 /* Base */ = {isa = PBXFileReference; lastKnownFileType = file.storyboard; name = Base; path = Base.lproj/LaunchScreen.storyboard; sourceTree = "<group>"; };
		693F5FB21F61F23F00FD8859 /* Info.plist */ = {isa = PBXFileReference; lastKnownFileType = text.plist.xml; path = Info.plist; sourceTree = "<group>"; };
		694282921F6464690053BBF3 /* Account.swift */ = {isa = PBXFileReference; lastKnownFileType = sourcecode.swift; path = Account.swift; sourceTree = "<group>"; };
		694282941F64747F0053BBF3 /* AccountManger.swift */ = {isa = PBXFileReference; lastKnownFileType = sourcecode.swift; path = AccountManger.swift; sourceTree = "<group>"; };
		694C9D861F7A118000736F5A /* Tester.swift */ = {isa = PBXFileReference; lastKnownFileType = sourcecode.swift; path = Tester.swift; sourceTree = "<group>"; };
		69591E101F7A0DE4003D7E27 /* TestersViewController.swift */ = {isa = PBXFileReference; fileEncoding = 4; lastKnownFileType = sourcecode.swift; path = TestersViewController.swift; sourceTree = "<group>"; };
		696235D61F6F7AB600176A60 /* ReviewFilterViewController.swift */ = {isa = PBXFileReference; fileEncoding = 4; lastKnownFileType = sourcecode.swift; path = ReviewFilterViewController.swift; sourceTree = "<group>"; };
		696235D71F6F7AB600176A60 /* ReviewFilterViewController.xib */ = {isa = PBXFileReference; fileEncoding = 4; lastKnownFileType = file.xib; path = ReviewFilterViewController.xib; sourceTree = "<group>"; };
		696795481F7AA02F00955A3E /* AppDetailViewController.swift */ = {isa = PBXFileReference; lastKnownFileType = sourcecode.swift; path = AppDetailViewController.swift; sourceTree = "<group>"; };
		696795491F7AA02F00955A3E /* AppDetailViewController.xib */ = {isa = PBXFileReference; lastKnownFileType = file.xib; path = AppDetailViewController.xib; sourceTree = "<group>"; };
		69A6276B1F633EFB00415AC8 /* DeveloperResponse.swift */ = {isa = PBXFileReference; lastKnownFileType = sourcecode.swift; path = DeveloperResponse.swift; sourceTree = "<group>"; };
		69A6276D1F6343D600415AC8 /* LoginViewController.swift */ = {isa = PBXFileReference; lastKnownFileType = sourcecode.swift; path = LoginViewController.swift; sourceTree = "<group>"; };
		69A6276E1F6343D600415AC8 /* LoginViewController.xib */ = {isa = PBXFileReference; lastKnownFileType = file.xib; path = LoginViewController.xib; sourceTree = "<group>"; };
		69BBC59F1FF58EBF00A41450 /* SettingsViewController.swift */ = {isa = PBXFileReference; lastKnownFileType = sourcecode.swift; path = SettingsViewController.swift; sourceTree = "<group>"; };
		69BCAD2C1F63289A00C65305 /* ReviewsListTableViewCell.swift */ = {isa = PBXFileReference; lastKnownFileType = sourcecode.swift; path = ReviewsListTableViewCell.swift; sourceTree = "<group>"; };
		69C845A71F6393E100C65AB2 /* AccountsViewController.swift */ = {isa = PBXFileReference; lastKnownFileType = sourcecode.swift; path = AccountsViewController.swift; sourceTree = "<group>"; };
		69C845A81F6393E100C65AB2 /* AccountsViewController.xib */ = {isa = PBXFileReference; lastKnownFileType = file.xib; path = AccountsViewController.xib; sourceTree = "<group>"; };
		69E3EAA91F6F867800788918 /* ReviewFilter.swift */ = {isa = PBXFileReference; lastKnownFileType = sourcecode.swift; path = ReviewFilter.swift; sourceTree = "<group>"; };
		9FAFE25272698412BDB5AAA2 /* Pods-ReviewMonitor.release.xcconfig */ = {isa = PBXFileReference; includeInIndex = 1; lastKnownFileType = text.xcconfig; name = "Pods-ReviewMonitor.release.xcconfig"; path = "Pods/Target Support Files/Pods-ReviewMonitor/Pods-ReviewMonitor.release.xcconfig"; sourceTree = "<group>"; };
		C97D38D01FF902F600EBFA35 /* AuthCell.xib */ = {isa = PBXFileReference; lastKnownFileType = file.xib; path = AuthCell.xib; sourceTree = "<group>"; };
		E8E287C5517B3179FAD951AD /* Pods_ReviewMonitor.framework */ = {isa = PBXFileReference; explicitFileType = wrapper.framework; includeInIndex = 0; path = Pods_ReviewMonitor.framework; sourceTree = BUILT_PRODUCTS_DIR; };
		EB8F24CEC9ABC525BDB39609 /* Pods-ReviewMonitor.debug.xcconfig */ = {isa = PBXFileReference; includeInIndex = 1; lastKnownFileType = text.xcconfig; name = "Pods-ReviewMonitor.debug.xcconfig"; path = "Pods/Target Support Files/Pods-ReviewMonitor/Pods-ReviewMonitor.debug.xcconfig"; sourceTree = "<group>"; };
/* End PBXFileReference section */

/* Begin PBXFrameworksBuildPhase section */
		693F5FA01F61F23F00FD8859 /* Frameworks */ = {
			isa = PBXFrameworksBuildPhase;
			buildActionMask = 2147483647;
			files = (
				8DCB75247AD737334707187A /* Pods_ReviewMonitor.framework in Frameworks */,
			);
			runOnlyForDeploymentPostprocessing = 0;
		};
/* End PBXFrameworksBuildPhase section */

/* Begin PBXGroup section */
		331ADA8302990C0425450B8A /* Frameworks */ = {
			isa = PBXGroup;
			children = (
				E8E287C5517B3179FAD951AD /* Pods_ReviewMonitor.framework */,
			);
			name = Frameworks;
			sourceTree = "<group>";
		};
		4C2894C7EC145174656C983C /* Pods */ = {
			isa = PBXGroup;
			children = (
				EB8F24CEC9ABC525BDB39609 /* Pods-ReviewMonitor.debug.xcconfig */,
				9FAFE25272698412BDB5AAA2 /* Pods-ReviewMonitor.release.xcconfig */,
			);
			name = Pods;
			sourceTree = "<group>";
		};
		6909EEA81F622F59008221F9 /* Model */ = {
			isa = PBXGroup;
			children = (
				690DA5601F622067000DD28F /* App.swift */,
				690DA5641F622177000DD28F /* Review.swift */,
				69A6276B1F633EFB00415AC8 /* DeveloperResponse.swift */,
				694282921F6464690053BBF3 /* Account.swift */,
				69E3EAA91F6F867800788918 /* ReviewFilter.swift */,
				694C9D861F7A118000736F5A /* Tester.swift */,
			);
			path = Model;
			sourceTree = "<group>";
		};
		6918E3821F6321E300709F2F /* Apps List View Controller */ = {
			isa = PBXGroup;
			children = (
				693F5FA81F61F23F00FD8859 /* ViewController.swift */,
				6918E3831F6321F800709F2F /* AppsListTableViewCell.swift */,
				6967954C1F7AA03300955A3E /* App Detail View Controller */,
			);
			path = "Apps List View Controller";
			sourceTree = "<group>";
		};
		693F5F9A1F61F23F00FD8859 = {
			isa = PBXGroup;
			children = (
				693F5FA51F61F23F00FD8859 /* ReviewMonitor */,
				693F5FA41F61F23F00FD8859 /* Products */,
				4C2894C7EC145174656C983C /* Pods */,
				331ADA8302990C0425450B8A /* Frameworks */,
			);
			sourceTree = "<group>";
		};
		693F5FA41F61F23F00FD8859 /* Products */ = {
			isa = PBXGroup;
			children = (
				693F5FA31F61F23F00FD8859 /* ReviewMonitor.app */,
			);
			name = Products;
			sourceTree = "<group>";
		};
		693F5FA51F61F23F00FD8859 /* ReviewMonitor */ = {
			isa = PBXGroup;
			children = (
				693F5FA61F61F23F00FD8859 /* AppDelegate.swift */,
				690DA55E1F621EEC000DD28F /* ServiceCaller.swift */,
				694282941F64747F0053BBF3 /* AccountManger.swift */,
				6909EEA81F622F59008221F9 /* Model */,
				69BBC5A11FF58EC400A41450 /* Settings View Controller */,
				69A627711F6343D900415AC8 /* Login ViewController */,
				6918E3821F6321E300709F2F /* Apps List View Controller */,
				69BCAD2B1F63288900C65305 /* Reviews List View Controller */,
				694C9D881F7A140400736F5A /* Testers View Controller */,
				69C0ED3C1FF34C42008C7B23 /* Supporting Files */,
			);
			path = ReviewMonitor;
			sourceTree = "<group>";
		};
		694282961F65F2530053BBF3 /* Accounts ViewController */ = {
			isa = PBXGroup;
			children = (
				69C845A71F6393E100C65AB2 /* AccountsViewController.swift */,
				69C845A81F6393E100C65AB2 /* AccountsViewController.xib */,
			);
			path = "Accounts ViewController";
			sourceTree = "<group>";
		};
		694C9D881F7A140400736F5A /* Testers View Controller */ = {
			isa = PBXGroup;
			children = (
				69591E101F7A0DE4003D7E27 /* TestersViewController.swift */,
			);
			path = "Testers View Controller";
			sourceTree = "<group>";
		};
		696235D21F6F7A6400176A60 /* Editor View Controller */ = {
			isa = PBXGroup;
			children = (
				69015E171F69FE0100D2EFF2 /* ResponseEditorViewController.swift */,
				69015E181F69FE0100D2EFF2 /* ResponseEditorViewController.xib */,
			);
			path = "Editor View Controller";
			sourceTree = "<group>";
		};
		696235D31F6F7A9100176A60 /* Filter View Controller */ = {
			isa = PBXGroup;
			children = (
				696235D61F6F7AB600176A60 /* ReviewFilterViewController.swift */,
				696235D71F6F7AB600176A60 /* ReviewFilterViewController.xib */,
			);
			path = "Filter View Controller";
			sourceTree = "<group>";
		};
		6967954C1F7AA03300955A3E /* App Detail View Controller */ = {
			isa = PBXGroup;
			children = (
				696795481F7AA02F00955A3E /* AppDetailViewController.swift */,
				696795491F7AA02F00955A3E /* AppDetailViewController.xib */,
			);
			path = "App Detail View Controller";
			sourceTree = "<group>";
		};
		69A627711F6343D900415AC8 /* Login ViewController */ = {
			isa = PBXGroup;
			children = (
				69A6276D1F6343D600415AC8 /* LoginViewController.swift */,
				69A6276E1F6343D600415AC8 /* LoginViewController.xib */,
				694282961F65F2530053BBF3 /* Accounts ViewController */,
			);
			path = "Login ViewController";
			sourceTree = "<group>";
		};
		69BBC5A11FF58EC400A41450 /* Settings View Controller */ = {
			isa = PBXGroup;
			children = (
				69BBC59F1FF58EBF00A41450 /* SettingsViewController.swift */,
				C97D38D01FF902F600EBFA35 /* AuthCell.xib */,
			);
			path = "Settings View Controller";
			sourceTree = "<group>";
		};
		69BCAD2B1F63288900C65305 /* Reviews List View Controller */ = {
			isa = PBXGroup;
			children = (
				690DA5621F622142000DD28F /* ReviewsViewController.swift */,
				69BCAD2C1F63289A00C65305 /* ReviewsListTableViewCell.swift */,
				696235D31F6F7A9100176A60 /* Filter View Controller */,
				696235D21F6F7A6400176A60 /* Editor View Controller */,
			);
			path = "Reviews List View Controller";
			sourceTree = "<group>";
		};
		69C0ED3C1FF34C42008C7B23 /* Supporting Files */ = {
			isa = PBXGroup;
			children = (
				693F5FAA1F61F23F00FD8859 /* Main.storyboard */,
				693F5FAD1F61F23F00FD8859 /* Assets.xcassets */,
				693F5FAF1F61F23F00FD8859 /* LaunchScreen.storyboard */,
				693F5FB21F61F23F00FD8859 /* Info.plist */,
			);
			path = "Supporting Files";
			sourceTree = "<group>";
		};
/* End PBXGroup section */

/* Begin PBXNativeTarget section */
		693F5FA21F61F23F00FD8859 /* ReviewMonitor */ = {
			isa = PBXNativeTarget;
			buildConfigurationList = 693F5FB51F61F23F00FD8859 /* Build configuration list for PBXNativeTarget "ReviewMonitor" */;
			buildPhases = (
				8274AE0422947A0D3F4E4A79 /* [CP] Check Pods Manifest.lock */,
				693F5F9F1F61F23F00FD8859 /* Sources */,
				693F5FA01F61F23F00FD8859 /* Frameworks */,
				693F5FA11F61F23F00FD8859 /* Resources */,
				E78D79FFCF7520445B4BCCE7 /* [CP] Embed Pods Frameworks */,
				417724DFEF1130E14BC1158D /* [CP] Copy Pods Resources */,
				6909EEA71F622F13008221F9 /* Swiftformat */,
				69A5A4B61F6712DF00A3ED81 /* ShellScript */,
				69F5A8611F6B2AAB004CAF25 /* ShellScript */,
			);
			buildRules = (
			);
			dependencies = (
			);
			name = ReviewMonitor;
			productName = ReviewMonitor;
			productReference = 693F5FA31F61F23F00FD8859 /* ReviewMonitor.app */;
			productType = "com.apple.product-type.application";
		};
/* End PBXNativeTarget section */

/* Begin PBXProject section */
		693F5F9B1F61F23F00FD8859 /* Project object */ = {
			isa = PBXProject;
			attributes = {
				LastSwiftUpdateCheck = 0830;
				LastUpgradeCheck = 0900;
				ORGANIZATIONNAME = "Tayal, Rishabh";
				TargetAttributes = {
					693F5FA21F61F23F00FD8859 = {
						CreatedOnToolsVersion = 8.3.2;
						DevelopmentTeam = ENLH686A45;
						LastSwiftMigration = 0900;
						ProvisioningStyle = Automatic;
					};
				};
			};
			buildConfigurationList = 693F5F9E1F61F23F00FD8859 /* Build configuration list for PBXProject "ReviewMonitor" */;
			compatibilityVersion = "Xcode 3.2";
			developmentRegion = English;
			hasScannedForEncodings = 0;
			knownRegions = (
				en,
				Base,
			);
			mainGroup = 693F5F9A1F61F23F00FD8859;
			productRefGroup = 693F5FA41F61F23F00FD8859 /* Products */;
			projectDirPath = "";
			projectRoot = "";
			targets = (
				693F5FA21F61F23F00FD8859 /* ReviewMonitor */,
			);
		};
/* End PBXProject section */

/* Begin PBXResourcesBuildPhase section */
		693F5FA11F61F23F00FD8859 /* Resources */ = {
			isa = PBXResourcesBuildPhase;
			buildActionMask = 2147483647;
			files = (
				69015E1A1F69FE0100D2EFF2 /* ResponseEditorViewController.xib in Resources */,
				69A627701F6343D600415AC8 /* LoginViewController.xib in Resources */,
				696235D91F6F7AB600176A60 /* ReviewFilterViewController.xib in Resources */,
				69C845AA1F6393E100C65AB2 /* AccountsViewController.xib in Resources */,
				C97D38D11FF902F600EBFA35 /* AuthCell.xib in Resources */,
				693F5FB11F61F23F00FD8859 /* LaunchScreen.storyboard in Resources */,
				693F5FAE1F61F23F00FD8859 /* Assets.xcassets in Resources */,
				693F5FAC1F61F23F00FD8859 /* Main.storyboard in Resources */,
				6967954B1F7AA02F00955A3E /* AppDetailViewController.xib in Resources */,
			);
			runOnlyForDeploymentPostprocessing = 0;
		};
/* End PBXResourcesBuildPhase section */

/* Begin PBXShellScriptBuildPhase section */
		417724DFEF1130E14BC1158D /* [CP] Copy Pods Resources */ = {
			isa = PBXShellScriptBuildPhase;
			buildActionMask = 2147483647;
			files = (
			);
			inputPaths = (
			);
			name = "[CP] Copy Pods Resources";
			outputPaths = (
			);
			runOnlyForDeploymentPostprocessing = 0;
			shellPath = /bin/sh;
			shellScript = "\"${SRCROOT}/Pods/Target Support Files/Pods-ReviewMonitor/Pods-ReviewMonitor-resources.sh\"\n";
			showEnvVarsInLog = 0;
		};
		6909EEA71F622F13008221F9 /* Swiftformat */ = {
			isa = PBXShellScriptBuildPhase;
			buildActionMask = 2147483647;
			files = (
			);
			inputPaths = (
			);
			name = Swiftformat;
			outputPaths = (
			);
			runOnlyForDeploymentPostprocessing = 0;
			shellPath = /bin/sh;
			shellScript = "\"${PODS_ROOT}/SwiftFormat/CommandLineTool/swiftformat\" \".\" \"--disable\" \"unusedArguments\"";
		};
		69A5A4B61F6712DF00A3ED81 /* ShellScript */ = {
			isa = PBXShellScriptBuildPhase;
			buildActionMask = 2147483647;
			files = (
			);
			inputPaths = (
			);
			outputPaths = (
			);
			runOnlyForDeploymentPostprocessing = 0;
			shellPath = /bin/sh;
			shellScript = "buildNumber=$(/usr/libexec/PlistBuddy -c \"Print CFBundleVersion\" \"${INFOPLIST_FILE}\")\nbuildNumber=$(($buildNumber + 1))\n/usr/libexec/PlistBuddy -c \"Set :CFBundleVersion $buildNumber\" \"${INFOPLIST_FILE}\"";
		};
		69F5A8611F6B2AAB004CAF25 /* ShellScript */ = {
			isa = PBXShellScriptBuildPhase;
			buildActionMask = 2147483647;
			files = (
			);
			inputPaths = (
			);
			outputPaths = (
			);
			runOnlyForDeploymentPostprocessing = 0;
			shellPath = /bin/sh;
			shellScript = "\"${PODS_ROOT}/Fabric/run\" 02d3f7db22ac1a3e538528547a694d5230eb8278 af6ede98bc0742057c556b0ed733e4c57ae435cd7cc81f516bb2b4e456b7e234";
		};
		8274AE0422947A0D3F4E4A79 /* [CP] Check Pods Manifest.lock */ = {
			isa = PBXShellScriptBuildPhase;
			buildActionMask = 2147483647;
			files = (
			);
			inputPaths = (
				"${PODS_PODFILE_DIR_PATH}/Podfile.lock",
				"${PODS_ROOT}/Manifest.lock",
			);
			name = "[CP] Check Pods Manifest.lock";
			outputPaths = (
				"$(DERIVED_FILE_DIR)/Pods-ReviewMonitor-checkManifestLockResult.txt",
			);
			runOnlyForDeploymentPostprocessing = 0;
			shellPath = /bin/sh;
			shellScript = "diff \"${PODS_PODFILE_DIR_PATH}/Podfile.lock\" \"${PODS_ROOT}/Manifest.lock\" > /dev/null\nif [ $? != 0 ] ; then\n    # print error to STDERR\n    echo \"error: The sandbox is not in sync with the Podfile.lock. Run 'pod install' or update your CocoaPods installation.\" >&2\n    exit 1\nfi\n# This output is used by Xcode 'outputs' to avoid re-running this script phase.\necho \"SUCCESS\" > \"${SCRIPT_OUTPUT_FILE_0}\"\n";
			showEnvVarsInLog = 0;
		};
		E78D79FFCF7520445B4BCCE7 /* [CP] Embed Pods Frameworks */ = {
			isa = PBXShellScriptBuildPhase;
			buildActionMask = 2147483647;
			files = (
			);
			inputPaths = (
				"${SRCROOT}/Pods/Target Support Files/Pods-ReviewMonitor/Pods-ReviewMonitor-frameworks.sh",
				"${BUILT_PRODUCTS_DIR}/DZNEmptyDataSet/DZNEmptyDataSet.framework",
				"${BUILT_PRODUCTS_DIR}/FlagKit/FlagKit.framework",
				"${BUILT_PRODUCTS_DIR}/HCSStarRatingView/HCSStarRatingView.framework",
				"${BUILT_PRODUCTS_DIR}/MBProgressHUD/MBProgressHUD.framework",
				"${BUILT_PRODUCTS_DIR}/Presentr/Presentr.framework",
				"${BUILT_PRODUCTS_DIR}/SDWebImage/SDWebImage.framework",
				"${BUILT_PRODUCTS_DIR}/TTRangeSlider/TTRangeSlider.framework",
			);
			name = "[CP] Embed Pods Frameworks";
			outputPaths = (
				"${TARGET_BUILD_DIR}/${FRAMEWORKS_FOLDER_PATH}/DZNEmptyDataSet.framework",
				"${TARGET_BUILD_DIR}/${FRAMEWORKS_FOLDER_PATH}/FlagKit.framework",
				"${TARGET_BUILD_DIR}/${FRAMEWORKS_FOLDER_PATH}/HCSStarRatingView.framework",
				"${TARGET_BUILD_DIR}/${FRAMEWORKS_FOLDER_PATH}/MBProgressHUD.framework",
				"${TARGET_BUILD_DIR}/${FRAMEWORKS_FOLDER_PATH}/Presentr.framework",
				"${TARGET_BUILD_DIR}/${FRAMEWORKS_FOLDER_PATH}/SDWebImage.framework",
				"${TARGET_BUILD_DIR}/${FRAMEWORKS_FOLDER_PATH}/TTRangeSlider.framework",
			);
			runOnlyForDeploymentPostprocessing = 0;
			shellPath = /bin/sh;
			shellScript = "\"${SRCROOT}/Pods/Target Support Files/Pods-ReviewMonitor/Pods-ReviewMonitor-frameworks.sh\"\n";
			showEnvVarsInLog = 0;
		};
/* End PBXShellScriptBuildPhase section */

/* Begin PBXSourcesBuildPhase section */
		693F5F9F1F61F23F00FD8859 /* Sources */ = {
			isa = PBXSourcesBuildPhase;
			buildActionMask = 2147483647;
			files = (
				693F5FA91F61F23F00FD8859 /* ViewController.swift in Sources */,
				69A6276C1F633EFB00415AC8 /* DeveloperResponse.swift in Sources */,
				690DA5631F622142000DD28F /* ReviewsViewController.swift in Sources */,
				69BBC5A01FF58EBF00A41450 /* SettingsViewController.swift in Sources */,
				696235D81F6F7AB600176A60 /* ReviewFilterViewController.swift in Sources */,
				69591E111F7A0DE4003D7E27 /* TestersViewController.swift in Sources */,
				694282931F6464690053BBF3 /* Account.swift in Sources */,
				694C9D871F7A118000736F5A /* Tester.swift in Sources */,
				69E3EAAA1F6F867800788918 /* ReviewFilter.swift in Sources */,
				69015E191F69FE0100D2EFF2 /* ResponseEditorViewController.swift in Sources */,
				690DA5611F622067000DD28F /* App.swift in Sources */,
				69C845A91F6393E100C65AB2 /* AccountsViewController.swift in Sources */,
				693F5FA71F61F23F00FD8859 /* AppDelegate.swift in Sources */,
				690DA55F1F621EEC000DD28F /* ServiceCaller.swift in Sources */,
				69BCAD2D1F63289A00C65305 /* ReviewsListTableViewCell.swift in Sources */,
				690DA5651F622177000DD28F /* Review.swift in Sources */,
				694282951F64747F0053BBF3 /* AccountManger.swift in Sources */,
				69A6276F1F6343D600415AC8 /* LoginViewController.swift in Sources */,
				6918E3841F6321F800709F2F /* AppsListTableViewCell.swift in Sources */,
				6967954A1F7AA02F00955A3E /* AppDetailViewController.swift in Sources */,
			);
			runOnlyForDeploymentPostprocessing = 0;
		};
/* End PBXSourcesBuildPhase section */

/* Begin PBXVariantGroup section */
		693F5FAA1F61F23F00FD8859 /* Main.storyboard */ = {
			isa = PBXVariantGroup;
			children = (
				693F5FAB1F61F23F00FD8859 /* Base */,
			);
			name = Main.storyboard;
			sourceTree = "<group>";
		};
		693F5FAF1F61F23F00FD8859 /* LaunchScreen.storyboard */ = {
			isa = PBXVariantGroup;
			children = (
				693F5FB01F61F23F00FD8859 /* Base */,
			);
			name = LaunchScreen.storyboard;
			sourceTree = "<group>";
		};
/* End PBXVariantGroup section */

/* Begin XCBuildConfiguration section */
		693F5FB31F61F23F00FD8859 /* Debug */ = {
			isa = XCBuildConfiguration;
			buildSettings = {
				ALWAYS_SEARCH_USER_PATHS = NO;
				CLANG_ANALYZER_NONNULL = YES;
				CLANG_ANALYZER_NUMBER_OBJECT_CONVERSION = YES_AGGRESSIVE;
				CLANG_CXX_LANGUAGE_STANDARD = "gnu++0x";
				CLANG_CXX_LIBRARY = "libc++";
				CLANG_ENABLE_MODULES = YES;
				CLANG_ENABLE_OBJC_ARC = YES;
				CLANG_WARN_BLOCK_CAPTURE_AUTORELEASING = YES;
				CLANG_WARN_BOOL_CONVERSION = YES;
				CLANG_WARN_COMMA = YES;
				CLANG_WARN_CONSTANT_CONVERSION = YES;
				CLANG_WARN_DIRECT_OBJC_ISA_USAGE = YES_ERROR;
				CLANG_WARN_DOCUMENTATION_COMMENTS = YES;
				CLANG_WARN_EMPTY_BODY = YES;
				CLANG_WARN_ENUM_CONVERSION = YES;
				CLANG_WARN_INFINITE_RECURSION = YES;
				CLANG_WARN_INT_CONVERSION = YES;
				CLANG_WARN_NON_LITERAL_NULL_CONVERSION = YES;
				CLANG_WARN_OBJC_LITERAL_CONVERSION = YES;
				CLANG_WARN_OBJC_ROOT_CLASS = YES_ERROR;
				CLANG_WARN_RANGE_LOOP_ANALYSIS = YES;
				CLANG_WARN_STRICT_PROTOTYPES = YES;
				CLANG_WARN_SUSPICIOUS_MOVE = YES;
				CLANG_WARN_UNREACHABLE_CODE = YES;
				CLANG_WARN__DUPLICATE_METHOD_MATCH = YES;
				"CODE_SIGN_IDENTITY[sdk=iphoneos*]" = "iPhone Developer";
				COPY_PHASE_STRIP = NO;
				DEBUG_INFORMATION_FORMAT = dwarf;
				ENABLE_STRICT_OBJC_MSGSEND = YES;
				ENABLE_TESTABILITY = YES;
				GCC_C_LANGUAGE_STANDARD = gnu99;
				GCC_DYNAMIC_NO_PIC = NO;
				GCC_NO_COMMON_BLOCKS = YES;
				GCC_OPTIMIZATION_LEVEL = 0;
				GCC_PREPROCESSOR_DEFINITIONS = (
					"DEBUG=1",
					"$(inherited)",
				);
				GCC_WARN_64_TO_32_BIT_CONVERSION = YES;
				GCC_WARN_ABOUT_RETURN_TYPE = YES_ERROR;
				GCC_WARN_UNDECLARED_SELECTOR = YES;
				GCC_WARN_UNINITIALIZED_AUTOS = YES_AGGRESSIVE;
				GCC_WARN_UNUSED_FUNCTION = YES;
				GCC_WARN_UNUSED_VARIABLE = YES;
				IPHONEOS_DEPLOYMENT_TARGET = 10.3;
				MTL_ENABLE_DEBUG_INFO = YES;
				ONLY_ACTIVE_ARCH = YES;
				SDKROOT = iphoneos;
				SWIFT_ACTIVE_COMPILATION_CONDITIONS = DEBUG;
				SWIFT_OPTIMIZATION_LEVEL = "-Onone";
			};
			name = Debug;
		};
		693F5FB41F61F23F00FD8859 /* Release */ = {
			isa = XCBuildConfiguration;
			buildSettings = {
				ALWAYS_SEARCH_USER_PATHS = NO;
				CLANG_ANALYZER_NONNULL = YES;
				CLANG_ANALYZER_NUMBER_OBJECT_CONVERSION = YES_AGGRESSIVE;
				CLANG_CXX_LANGUAGE_STANDARD = "gnu++0x";
				CLANG_CXX_LIBRARY = "libc++";
				CLANG_ENABLE_MODULES = YES;
				CLANG_ENABLE_OBJC_ARC = YES;
				CLANG_WARN_BLOCK_CAPTURE_AUTORELEASING = YES;
				CLANG_WARN_BOOL_CONVERSION = YES;
				CLANG_WARN_COMMA = YES;
				CLANG_WARN_CONSTANT_CONVERSION = YES;
				CLANG_WARN_DIRECT_OBJC_ISA_USAGE = YES_ERROR;
				CLANG_WARN_DOCUMENTATION_COMMENTS = YES;
				CLANG_WARN_EMPTY_BODY = YES;
				CLANG_WARN_ENUM_CONVERSION = YES;
				CLANG_WARN_INFINITE_RECURSION = YES;
				CLANG_WARN_INT_CONVERSION = YES;
				CLANG_WARN_NON_LITERAL_NULL_CONVERSION = YES;
				CLANG_WARN_OBJC_LITERAL_CONVERSION = YES;
				CLANG_WARN_OBJC_ROOT_CLASS = YES_ERROR;
				CLANG_WARN_RANGE_LOOP_ANALYSIS = YES;
				CLANG_WARN_STRICT_PROTOTYPES = YES;
				CLANG_WARN_SUSPICIOUS_MOVE = YES;
				CLANG_WARN_UNREACHABLE_CODE = YES;
				CLANG_WARN__DUPLICATE_METHOD_MATCH = YES;
				"CODE_SIGN_IDENTITY[sdk=iphoneos*]" = "iPhone Developer";
				COPY_PHASE_STRIP = NO;
				DEBUG_INFORMATION_FORMAT = "dwarf-with-dsym";
				ENABLE_NS_ASSERTIONS = NO;
				ENABLE_STRICT_OBJC_MSGSEND = YES;
				GCC_C_LANGUAGE_STANDARD = gnu99;
				GCC_NO_COMMON_BLOCKS = YES;
				GCC_WARN_64_TO_32_BIT_CONVERSION = YES;
				GCC_WARN_ABOUT_RETURN_TYPE = YES_ERROR;
				GCC_WARN_UNDECLARED_SELECTOR = YES;
				GCC_WARN_UNINITIALIZED_AUTOS = YES_AGGRESSIVE;
				GCC_WARN_UNUSED_FUNCTION = YES;
				GCC_WARN_UNUSED_VARIABLE = YES;
				IPHONEOS_DEPLOYMENT_TARGET = 10.3;
				MTL_ENABLE_DEBUG_INFO = NO;
				SDKROOT = iphoneos;
				SWIFT_OPTIMIZATION_LEVEL = "-Owholemodule";
				VALIDATE_PRODUCT = YES;
			};
			name = Release;
		};
		693F5FB61F61F23F00FD8859 /* Debug */ = {
			isa = XCBuildConfiguration;
			baseConfigurationReference = EB8F24CEC9ABC525BDB39609 /* Pods-ReviewMonitor.debug.xcconfig */;
			buildSettings = {
				ASSETCATALOG_COMPILER_APPICON_NAME = AppIcon;
				CLANG_ENABLE_MODULES = YES;
				CODE_SIGN_IDENTITY = "iPhone Developer";
				"CODE_SIGN_IDENTITY[sdk=iphoneos*]" = "iPhone Developer";
				CODE_SIGN_STYLE = Automatic;
				CURRENT_PROJECT_VERSION = 367;
				DEBUG_INFORMATION_FORMAT = "dwarf-with-dsym";
				DEVELOPMENT_TEAM = ENLH686A45;
				INFOPLIST_FILE = "ReviewMonitor/Supporting Files/Info.plist";
				IPHONEOS_DEPLOYMENT_TARGET = 10.0;
				LD_RUNPATH_SEARCH_PATHS = "$(inherited) @executable_path/Frameworks";
				OTHER_SWIFT_FLAGS = "$(inherited) \"-D\" \"COCOAPODS\" -DDEBUG";
				PRODUCT_BUNDLE_IDENTIFIER = com.eliott.ReviewMonitor;
				PRODUCT_NAME = "$(TARGET_NAME)";
				PROVISIONING_PROFILE = "";
				PROVISIONING_PROFILE_SPECIFIER = "";
				SWIFT_OBJC_BRIDGING_HEADER = "";
				SWIFT_OPTIMIZATION_LEVEL = "-Onone";
				SWIFT_SWIFT3_OBJC_INFERENCE = Default;
				SWIFT_VERSION = 4.0;
				VERSIONING_SYSTEM = "apple-generic";
			};
			name = Debug;
		};
		693F5FB71F61F23F00FD8859 /* Release */ = {
			isa = XCBuildConfiguration;
			baseConfigurationReference = 9FAFE25272698412BDB5AAA2 /* Pods-ReviewMonitor.release.xcconfig */;
			buildSettings = {
				ASSETCATALOG_COMPILER_APPICON_NAME = AppIcon;
				CLANG_ENABLE_MODULES = YES;
				CODE_SIGN_IDENTITY = "iPhone Distribution";
				"CODE_SIGN_IDENTITY[sdk=iphoneos*]" = "iPhone Distribution";
				CODE_SIGN_STYLE = Automatic;
				CURRENT_PROJECT_VERSION = 367;
				DEVELOPMENT_TEAM = ENLH686A45;
				INFOPLIST_FILE = "ReviewMonitor/Supporting Files/Info.plist";
				IPHONEOS_DEPLOYMENT_TARGET = 10.0;
				LD_RUNPATH_SEARCH_PATHS = "$(inherited) @executable_path/Frameworks";
				PRODUCT_BUNDLE_IDENTIFIER = com.eliott.ReviewMonitor;
				PRODUCT_NAME = "$(TARGET_NAME)";
				PROVISIONING_PROFILE = "";
				PROVISIONING_PROFILE_SPECIFIER = "";
				SWIFT_OBJC_BRIDGING_HEADER = "";
				SWIFT_SWIFT3_OBJC_INFERENCE = Default;
				SWIFT_VERSION = 4.0;
				VERSIONING_SYSTEM = "apple-generic";
			};
			name = Release;
		};
/* End XCBuildConfiguration section */

/* Begin XCConfigurationList section */
		693F5F9E1F61F23F00FD8859 /* Build configuration list for PBXProject "ReviewMonitor" */ = {
			isa = XCConfigurationList;
			buildConfigurations = (
				693F5FB31F61F23F00FD8859 /* Debug */,
				693F5FB41F61F23F00FD8859 /* Release */,
			);
			defaultConfigurationIsVisible = 0;
			defaultConfigurationName = Release;
		};
		693F5FB51F61F23F00FD8859 /* Build configuration list for PBXNativeTarget "ReviewMonitor" */ = {
			isa = XCConfigurationList;
			buildConfigurations = (
				693F5FB61F61F23F00FD8859 /* Debug */,
				693F5FB71F61F23F00FD8859 /* Release */,
			);
			defaultConfigurationIsVisible = 0;
			defaultConfigurationName = Release;
		};
/* End XCConfigurationList section */
	};
	rootObject = 693F5F9B1F61F23F00FD8859 /* Project object */;
}
